
Microsoft Visual Studio Solution File, Format Version 11.00
# Visual Studio 2010
Project("{FAE04EC0-301F-11D3-BF4B-00C04F79EFBC}") = "RomTools", "RomTools\RomTools.csproj", "{91E84E1D-46B5-46A9-9DB8-462199736BD9}"
EndProject
Project("{FAE04EC0-301F-11D3-BF4B-00C04F79EFBC}") = "TestProject", "TestProject\TestProject.csproj", "{9D75C33C-E453-4FF5-BA03-0AB15298F1CD}"
EndProject
Project("{FAE04EC0-301F-11D3-BF4B-00C04F79EFBC}") = "OpcodeInfoExtractor", "OpcodeInfoExtractor\OpcodeInfoExtractor.csproj", "{9FAA319D-16FD-4EEC-8E39-1C5C7211E748}"
EndProject
Project("{FAE04EC0-301F-11D3-BF4B-00C04F79EFBC}") = "Assembler", "Assembler\Assembler.csproj", "{8686ECF3-3FBD-4699-AC43-11A25A13C20F}"
EndProject
Project("{2150E333-8FDC-42A3-9474-1A3956D46DE8}") = "Solution Items", "Solution Items", "{8A0B535B-CC99-4E7D-9C5C-00E93587A401}"
	ProjectSection(SolutionItems) = preProject
		README.txt = README.txt
	EndProjectSection
EndProject
Project("{FAE04EC0-301F-11D3-BF4B-00C04F79EFBC}") = "GbcEmulator", "GbcEmulator\GbcEmulator.csproj", "{CB598502-2A51-4183-8609-0490300F39D5}"
EndProject
Project("{2150E333-8FDC-42A3-9474-1A3956D46DE8}") = "Documentation", "Documentation", "{C510223A-9D3F-47B1-83EC-C7D757A2F499}"
	ProjectSection(SolutionItems) = preProject
		Documentation\GBCribSheet000129.pdf = Documentation\GBCribSheet000129.pdf
		Documentation\gbspec.txt = Documentation\gbspec.txt
		Documentation\TheNintendoGameboy.pdf = Documentation\TheNintendoGameboy.pdf
		Documentation\um0080.pdf = Documentation\um0080.pdf
		Documentation\z80-documented.pdf = Documentation\z80-documented.pdf
		Documentation\z80gboy.txt = Documentation\z80gboy.txt
	EndProjectSection
EndProject
Global
	GlobalSection(SolutionConfigurationPlatforms) = preSolution
		Debug|Any CPU = Debug|Any CPU
		Debug|Mixed Platforms = Debug|Mixed Platforms
		Debug|x86 = Debug|x86
		Release|Any CPU = Release|Any CPU
		Release|Mixed Platforms = Release|Mixed Platforms
		Release|x86 = Release|x86
	EndGlobalSection
	GlobalSection(ProjectConfigurationPlatforms) = postSolution
		{91E84E1D-46B5-46A9-9DB8-462199736BD9}.Debug|Any CPU.ActiveCfg = Debug|Any CPU
		{91E84E1D-46B5-46A9-9DB8-462199736BD9}.Debug|Any CPU.Build.0 = Debug|Any CPU
		{91E84E1D-46B5-46A9-9DB8-462199736BD9}.Debug|Mixed Platforms.ActiveCfg = Debug|Any CPU
		{91E84E1D-46B5-46A9-9DB8-462199736BD9}.Debug|Mixed Platforms.Build.0 = Debug|Any CPU
		{91E84E1D-46B5-46A9-9DB8-462199736BD9}.Debug|x86.ActiveCfg = Debug|Any CPU
		{91E84E1D-46B5-46A9-9DB8-462199736BD9}.Release|Any CPU.ActiveCfg = Release|Any CPU
		{91E84E1D-46B5-46A9-9DB8-462199736BD9}.Release|Any CPU.Build.0 = Release|Any CPU
		{91E84E1D-46B5-46A9-9DB8-462199736BD9}.Release|Mixed Platforms.ActiveCfg = Release|Any CPU
		{91E84E1D-46B5-46A9-9DB8-462199736BD9}.Release|Mixed Platforms.Build.0 = Release|Any CPU
		{91E84E1D-46B5-46A9-9DB8-462199736BD9}.Release|x86.ActiveCfg = Release|Any CPU
		{9D75C33C-E453-4FF5-BA03-0AB15298F1CD}.Debug|Any CPU.ActiveCfg = Debug|x86
		{9D75C33C-E453-4FF5-BA03-0AB15298F1CD}.Debug|Mixed Platforms.ActiveCfg = Debug|x86
		{9D75C33C-E453-4FF5-BA03-0AB15298F1CD}.Debug|Mixed Platforms.Build.0 = Debug|x86
		{9D75C33C-E453-4FF5-BA03-0AB15298F1CD}.Debug|x86.ActiveCfg = Debug|x86
		{9D75C33C-E453-4FF5-BA03-0AB15298F1CD}.Debug|x86.Build.0 = Debug|x86
		{9D75C33C-E453-4FF5-BA03-0AB15298F1CD}.Release|Any CPU.ActiveCfg = Release|x86
		{9D75C33C-E453-4FF5-BA03-0AB15298F1CD}.Release|Mixed Platforms.ActiveCfg = Release|x86
		{9D75C33C-E453-4FF5-BA03-0AB15298F1CD}.Release|Mixed Platforms.Build.0 = Release|x86
		{9D75C33C-E453-4FF5-BA03-0AB15298F1CD}.Release|x86.ActiveCfg = Release|x86
		{9D75C33C-E453-4FF5-BA03-0AB15298F1CD}.Release|x86.Build.0 = Release|x86
		{9FAA319D-16FD-4EEC-8E39-1C5C7211E748}.Debug|Any CPU.ActiveCfg = Debug|x86
		{9FAA319D-16FD-4EEC-8E39-1C5C7211E748}.Debug|Mixed Platforms.ActiveCfg = Debug|x86
		{9FAA319D-16FD-4EEC-8E39-1C5C7211E748}.Debug|Mixed Platforms.Build.0 = Debug|x86
		{9FAA319D-16FD-4EEC-8E39-1C5C7211E748}.Debug|x86.ActiveCfg = Debug|x86
		{9FAA319D-16FD-4EEC-8E39-1C5C7211E748}.Debug|x86.Build.0 = Debug|x86
		{9FAA319D-16FD-4EEC-8E39-1C5C7211E748}.Release|Any CPU.ActiveCfg = Release|x86
		{9FAA319D-16FD-4EEC-8E39-1C5C7211E748}.Release|Mixed Platforms.ActiveCfg = Release|x86
		{9FAA319D-16FD-4EEC-8E39-1C5C7211E748}.Release|Mixed Platforms.Build.0 = Release|x86
		{9FAA319D-16FD-4EEC-8E39-1C5C7211E748}.Release|x86.ActiveCfg = Release|x86
		{9FAA319D-16FD-4EEC-8E39-1C5C7211E748}.Release|x86.Build.0 = Release|x86
		{8686ECF3-3FBD-4699-AC43-11A25A13C20F}.Debug|Any CPU.ActiveCfg = Debug|x86
		{8686ECF3-3FBD-4699-AC43-11A25A13C20F}.Debug|Mixed Platforms.ActiveCfg = Debug|x86
		{8686ECF3-3FBD-4699-AC43-11A25A13C20F}.Debug|Mixed Platforms.Build.0 = Debug|x86
		{8686ECF3-3FBD-4699-AC43-11A25A13C20F}.Debug|x86.ActiveCfg = Debug|x86
		{8686ECF3-3FBD-4699-AC43-11A25A13C20F}.Debug|x86.Build.0 = Debug|x86
		{8686ECF3-3FBD-4699-AC43-11A25A13C20F}.Release|Any CPU.ActiveCfg = Release|x86
		{8686ECF3-3FBD-4699-AC43-11A25A13C20F}.Release|Mixed Platforms.ActiveCfg = Release|x86
		{8686ECF3-3FBD-4699-AC43-11A25A13C20F}.Release|Mixed Platforms.Build.0 = Release|x86
		{8686ECF3-3FBD-4699-AC43-11A25A13C20F}.Release|x86.ActiveCfg = Release|x86
		{8686ECF3-3FBD-4699-AC43-11A25A13C20F}.Release|x86.Build.0 = Release|x86
		{CB598502-2A51-4183-8609-0490300F39D5}.Debug|Any CPU.ActiveCfg = Debug|Any CPU
		{CB598502-2A51-4183-8609-0490300F39D5}.Debug|Any CPU.Build.0 = Debug|Any CPU
		{CB598502-2A51-4183-8609-0490300F39D5}.Debug|Mixed Platforms.ActiveCfg = Debug|Any CPU
		{CB598502-2A51-4183-8609-0490300F39D5}.Debug|Mixed Platforms.Build.0 = Debug|Any CPU
		{CB598502-2A51-4183-8609-0490300F39D5}.Debug|x86.ActiveCfg = Debug|Any CPU
		{CB598502-2A51-4183-8609-0490300F39D5}.Release|Any CPU.ActiveCfg = Release|Any CPU
		{CB598502-2A51-4183-8609-0490300F39D5}.Release|Any CPU.Build.0 = Release|Any CPU
		{CB598502-2A51-4183-8609-0490300F39D5}.Release|Mixed Platforms.ActiveCfg = Release|Any CPU
		{CB598502-2A51-4183-8609-0490300F39D5}.Release|Mixed Platforms.Build.0 = Release|Any CPU
		{CB598502-2A51-4183-8609-0490300F39D5}.Release|x86.ActiveCfg = Release|Any CPU
	EndGlobalSection
	GlobalSection(SolutionProperties) = preSolution
		HideSolutionNode = FALSE
	EndGlobalSection
	GlobalSection(NestedProjects) = preSolution
		{C510223A-9D3F-47B1-83EC-C7D757A2F499} = {8A0B535B-CC99-4E7D-9C5C-00E93587A401}
	EndGlobalSection
EndGlobal
